// !$*UTF8*$!
{
	archiveVersion = 1;
	classes = {
	};
	objectVersion = 56;
	objects = {

/* Begin PBXBuildFile section */
		661713392991D4B200AF0A06 /* SettingView.swift in Sources */ = {isa = PBXBuildFile; fileRef = 661713382991D4B200AF0A06 /* SettingView.swift */; };
		66AF6493298C260F00456759 /* ProductFilter.swift in Sources */ = {isa = PBXBuildFile; fileRef = 66AF6492298C260F00456759 /* ProductFilter.swift */; };
		8E951EC7299ABC7E003D9F7C /* ArchivedProductsView.swift in Sources */ = {isa = PBXBuildFile; fileRef = 8E951EC6299ABC7E003D9F7C /* ArchivedProductsView.swift */; };
		8E951EC9299AC1BC003D9F7C /* ProductsView.swift in Sources */ = {isa = PBXBuildFile; fileRef = 8E951EC8299AC1BC003D9F7C /* ProductsView.swift */; };
		DD7A8D6929B842BC001DEE0F /* CategoryEditView.swift in Sources */ = {isa = PBXBuildFile; fileRef = DD7A8D6829B842BC001DEE0F /* CategoryEditView.swift */; };
		DD8740AB29B7F78900A747D1 /* CategoriesView.swift in Sources */ = {isa = PBXBuildFile; fileRef = DD8740AA29B7F78900A747D1 /* CategoriesView.swift */; };
		DD9C7F6D29837A1F00E672B2 /* ExpiredApp.swift in Sources */ = {isa = PBXBuildFile; fileRef = DD9C7F6C29837A1F00E672B2 /* ExpiredApp.swift */; };
		DD9C7F7129837A2000E672B2 /* Assets.xcassets in Resources */ = {isa = PBXBuildFile; fileRef = DD9C7F7029837A2000E672B2 /* Assets.xcassets */; };
		DD9C7F7429837A2000E672B2 /* Preview Assets.xcassets in Resources */ = {isa = PBXBuildFile; fileRef = DD9C7F7329837A2000E672B2 /* Preview Assets.xcassets */; };
		DD9C7F7929837A2000E672B2 /* Expired.xcdatamodeld in Sources */ = {isa = PBXBuildFile; fileRef = DD9C7F7729837A2000E672B2 /* Expired.xcdatamodeld */; };
		DD9C7F8529837A8400E672B2 /* Persistence.swift in Sources */ = {isa = PBXBuildFile; fileRef = DD9C7F8129837A8400E672B2 /* Persistence.swift */; };
		DD9C7F8629837A8400E672B2 /* ProductExtension.swift in Sources */ = {isa = PBXBuildFile; fileRef = DD9C7F8229837A8400E672B2 /* ProductExtension.swift */; };
		DD9C7F8729837A8400E672B2 /* ProductStore.swift in Sources */ = {isa = PBXBuildFile; fileRef = DD9C7F8329837A8400E672B2 /* ProductStore.swift */; };
		DD9C7F8829837A8400E672B2 /* ProductStatus.swift in Sources */ = {isa = PBXBuildFile; fileRef = DD9C7F8429837A8400E672B2 /* ProductStatus.swift */; };
		DD9C7F8C29837A9F00E672B2 /* ProductEditView.swift in Sources */ = {isa = PBXBuildFile; fileRef = DD9C7F8929837A9F00E672B2 /* ProductEditView.swift */; };
		DD9C7F8D29837A9F00E672B2 /* HomeView.swift in Sources */ = {isa = PBXBuildFile; fileRef = DD9C7F8A29837A9F00E672B2 /* HomeView.swift */; };
		DD9C7F8E29837A9F00E672B2 /* ProductCell.swift in Sources */ = {isa = PBXBuildFile; fileRef = DD9C7F8B29837A9F00E672B2 /* ProductCell.swift */; };
		DDCFDCE429C8C97B00FFA36D /* ImagePicker.swift in Sources */ = {isa = PBXBuildFile; fileRef = DDCFDCE329C8C97B00FFA36D /* ImagePicker.swift */; };
		DDF6DCF629CBDFFE00C65241 /* ProductImage.swift in Sources */ = {isa = PBXBuildFile; fileRef = DDF6DCF529CBDFFE00C65241 /* ProductImage.swift */; };
		DDFED09A2999B75900DBBAA6 /* NotificationViewModel.swift in Sources */ = {isa = PBXBuildFile; fileRef = DDFED0992999B75800DBBAA6 /* NotificationViewModel.swift */; };
		DDFED09C2999D85A00DBBAA6 /* NotificationCategory.swift in Sources */ = {isa = PBXBuildFile; fileRef = DDFED09B2999D85A00DBBAA6 /* NotificationCategory.swift */; };
/* End PBXBuildFile section */

/* Begin PBXFileReference section */
		661713382991D4B200AF0A06 /* SettingView.swift */ = {isa = PBXFileReference; lastKnownFileType = sourcecode.swift; path = SettingView.swift; sourceTree = "<group>"; };
		66AF6492298C260F00456759 /* ProductFilter.swift */ = {isa = PBXFileReference; lastKnownFileType = sourcecode.swift; path = ProductFilter.swift; sourceTree = "<group>"; };
		8E951EC6299ABC7E003D9F7C /* ArchivedProductsView.swift */ = {isa = PBXFileReference; lastKnownFileType = sourcecode.swift; path = ArchivedProductsView.swift; sourceTree = "<group>"; };
		8E951EC8299AC1BC003D9F7C /* ProductsView.swift */ = {isa = PBXFileReference; lastKnownFileType = sourcecode.swift; path = ProductsView.swift; sourceTree = "<group>"; };
		DD7A8D6829B842BC001DEE0F /* CategoryEditView.swift */ = {isa = PBXFileReference; lastKnownFileType = sourcecode.swift; path = CategoryEditView.swift; sourceTree = "<group>"; };
		DD8740AA29B7F78900A747D1 /* CategoriesView.swift */ = {isa = PBXFileReference; lastKnownFileType = sourcecode.swift; path = CategoriesView.swift; sourceTree = "<group>"; };
		DD9C7F6929837A1F00E672B2 /* Expired.app */ = {isa = PBXFileReference; explicitFileType = wrapper.application; includeInIndex = 0; path = Expired.app; sourceTree = BUILT_PRODUCTS_DIR; };
		DD9C7F6C29837A1F00E672B2 /* ExpiredApp.swift */ = {isa = PBXFileReference; lastKnownFileType = sourcecode.swift; path = ExpiredApp.swift; sourceTree = "<group>"; };
		DD9C7F7029837A2000E672B2 /* Assets.xcassets */ = {isa = PBXFileReference; lastKnownFileType = folder.assetcatalog; path = Assets.xcassets; sourceTree = "<group>"; };
		DD9C7F7329837A2000E672B2 /* Preview Assets.xcassets */ = {isa = PBXFileReference; lastKnownFileType = folder.assetcatalog; path = "Preview Assets.xcassets"; sourceTree = "<group>"; };
		DD9C7F7829837A2000E672B2 /* Expired.xcdatamodel */ = {isa = PBXFileReference; lastKnownFileType = wrapper.xcdatamodel; path = Expired.xcdatamodel; sourceTree = "<group>"; };
		DD9C7F8129837A8400E672B2 /* Persistence.swift */ = {isa = PBXFileReference; fileEncoding = 4; lastKnownFileType = sourcecode.swift; path = Persistence.swift; sourceTree = "<group>"; };
		DD9C7F8229837A8400E672B2 /* ProductExtension.swift */ = {isa = PBXFileReference; fileEncoding = 4; lastKnownFileType = sourcecode.swift; path = ProductExtension.swift; sourceTree = "<group>"; };
		DD9C7F8329837A8400E672B2 /* ProductStore.swift */ = {isa = PBXFileReference; fileEncoding = 4; lastKnownFileType = sourcecode.swift; path = ProductStore.swift; sourceTree = "<group>"; };
		DD9C7F8429837A8400E672B2 /* ProductStatus.swift */ = {isa = PBXFileReference; fileEncoding = 4; lastKnownFileType = sourcecode.swift; path = ProductStatus.swift; sourceTree = "<group>"; };
		DD9C7F8929837A9F00E672B2 /* ProductEditView.swift */ = {isa = PBXFileReference; fileEncoding = 4; lastKnownFileType = sourcecode.swift; path = ProductEditView.swift; sourceTree = "<group>"; };
		DD9C7F8A29837A9F00E672B2 /* HomeView.swift */ = {isa = PBXFileReference; fileEncoding = 4; lastKnownFileType = sourcecode.swift; path = HomeView.swift; sourceTree = "<group>"; };
		DD9C7F8B29837A9F00E672B2 /* ProductCell.swift */ = {isa = PBXFileReference; fileEncoding = 4; lastKnownFileType = sourcecode.swift; path = ProductCell.swift; sourceTree = "<group>"; };
		DDCFDCE329C8C97B00FFA36D /* ImagePicker.swift */ = {isa = PBXFileReference; lastKnownFileType = sourcecode.swift; path = ImagePicker.swift; sourceTree = "<group>"; };
		DDF6DCF529CBDFFE00C65241 /* ProductImage.swift */ = {isa = PBXFileReference; lastKnownFileType = sourcecode.swift; path = ProductImage.swift; sourceTree = "<group>"; };
		DDFED0992999B75800DBBAA6 /* NotificationViewModel.swift */ = {isa = PBXFileReference; lastKnownFileType = sourcecode.swift; path = NotificationViewModel.swift; sourceTree = "<group>"; };
		DDFED09B2999D85A00DBBAA6 /* NotificationCategory.swift */ = {isa = PBXFileReference; lastKnownFileType = sourcecode.swift; path = NotificationCategory.swift; sourceTree = "<group>"; };
/* End PBXFileReference section */

/* Begin PBXFrameworksBuildPhase section */
		DD9C7F6629837A1F00E672B2 /* Frameworks */ = {
			isa = PBXFrameworksBuildPhase;
			buildActionMask = 2147483647;
			files = (
			);
			runOnlyForDeploymentPostprocessing = 0;
		};
/* End PBXFrameworksBuildPhase section */

/* Begin PBXGroup section */
		DD9C7F6029837A1F00E672B2 = {
			isa = PBXGroup;
			children = (
				DD9C7F6B29837A1F00E672B2 /* Expired */,
				DD9C7F6A29837A1F00E672B2 /* Products */,
			);
			sourceTree = "<group>";
		};
		DD9C7F6A29837A1F00E672B2 /* Products */ = {
			isa = PBXGroup;
			children = (
				DD9C7F6929837A1F00E672B2 /* Expired.app */,
			);
			name = Products;
			sourceTree = "<group>";
		};
		DD9C7F6B29837A1F00E672B2 /* Expired */ = {
			isa = PBXGroup;
			children = (
				DD9C7F6C29837A1F00E672B2 /* ExpiredApp.swift */,
				DD9C7F7F29837A5600E672B2 /* Views */,
				DD9C7F8029837A5D00E672B2 /* Model */,
				DD9C7F7029837A2000E672B2 /* Assets.xcassets */,
				DD9C7F7729837A2000E672B2 /* Expired.xcdatamodeld */,
				DD9C7F7229837A2000E672B2 /* Preview Content */,
			);
			path = Expired;
			sourceTree = "<group>";
		};
		DD9C7F7229837A2000E672B2 /* Preview Content */ = {
			isa = PBXGroup;
			children = (
				DD9C7F7329837A2000E672B2 /* Preview Assets.xcassets */,
			);
			path = "Preview Content";
			sourceTree = "<group>";
		};
		DD9C7F7F29837A5600E672B2 /* Views */ = {
			isa = PBXGroup;
			children = (
				DD9C7F8A29837A9F00E672B2 /* HomeView.swift */,
				DD9C7F8929837A9F00E672B2 /* ProductEditView.swift */,
				DD9C7F8B29837A9F00E672B2 /* ProductCell.swift */,
				661713382991D4B200AF0A06 /* SettingView.swift */,
				8E951EC6299ABC7E003D9F7C /* ArchivedProductsView.swift */,
				8E951EC8299AC1BC003D9F7C /* ProductsView.swift */,
				DD8740AA29B7F78900A747D1 /* CategoriesView.swift */,
				DD7A8D6829B842BC001DEE0F /* CategoryEditView.swift */,
				DDF6DCF529CBDFFE00C65241 /* ProductImage.swift */,
				DDCFDCE329C8C97B00FFA36D /* ImagePicker.swift */,
			);
			path = Views;
			sourceTree = "<group>";
		};
		DD9C7F8029837A5D00E672B2 /* Model */ = {
			isa = PBXGroup;
			children = (
				DD9C7F8129837A8400E672B2 /* Persistence.swift */,
				DD9C7F8229837A8400E672B2 /* ProductExtension.swift */,
				DD9C7F8429837A8400E672B2 /* ProductStatus.swift */,
				DD9C7F8329837A8400E672B2 /* ProductStore.swift */,
				66AF6492298C260F00456759 /* ProductFilter.swift */,
				DDFED0992999B75800DBBAA6 /* NotificationViewModel.swift */,
				DDFED09B2999D85A00DBBAA6 /* NotificationCategory.swift */,
			);
			path = Model;
			sourceTree = "<group>";
		};
/* End PBXGroup section */

/* Begin PBXNativeTarget section */
		DD9C7F6829837A1F00E672B2 /* Expired */ = {
			isa = PBXNativeTarget;
			buildConfigurationList = DD9C7F7C29837A2000E672B2 /* Build configuration list for PBXNativeTarget "Expired" */;
			buildPhases = (
				DD9C7F6529837A1F00E672B2 /* Sources */,
				DD9C7F6629837A1F00E672B2 /* Frameworks */,
				DD9C7F6729837A1F00E672B2 /* Resources */,
			);
			buildRules = (
			);
			dependencies = (
			);
			name = Expired;
			productName = Expired;
			productReference = DD9C7F6929837A1F00E672B2 /* Expired.app */;
			productType = "com.apple.product-type.application";
		};
/* End PBXNativeTarget section */

/* Begin PBXProject section */
		DD9C7F6129837A1F00E672B2 /* Project object */ = {
			isa = PBXProject;
			attributes = {
				BuildIndependentTargetsInParallel = 1;
				LastSwiftUpdateCheck = 1420;
				LastUpgradeCheck = 1420;
				TargetAttributes = {
					DD9C7F6829837A1F00E672B2 = {
						CreatedOnToolsVersion = 14.2;
					};
				};
			};
			buildConfigurationList = DD9C7F6429837A1F00E672B2 /* Build configuration list for PBXProject "Expired" */;
			compatibilityVersion = "Xcode 14.0";
			developmentRegion = en;
			hasScannedForEncodings = 0;
			knownRegions = (
				en,
				Base,
			);
			mainGroup = DD9C7F6029837A1F00E672B2;
			productRefGroup = DD9C7F6A29837A1F00E672B2 /* Products */;
			projectDirPath = "";
			projectRoot = "";
			targets = (
				DD9C7F6829837A1F00E672B2 /* Expired */,
			);
		};
/* End PBXProject section */

/* Begin PBXResourcesBuildPhase section */
		DD9C7F6729837A1F00E672B2 /* Resources */ = {
			isa = PBXResourcesBuildPhase;
			buildActionMask = 2147483647;
			files = (
				DD9C7F7429837A2000E672B2 /* Preview Assets.xcassets in Resources */,
				DD9C7F7129837A2000E672B2 /* Assets.xcassets in Resources */,
			);
			runOnlyForDeploymentPostprocessing = 0;
		};
/* End PBXResourcesBuildPhase section */

/* Begin PBXSourcesBuildPhase section */
		DD9C7F6529837A1F00E672B2 /* Sources */ = {
			isa = PBXSourcesBuildPhase;
			buildActionMask = 2147483647;
			files = (
				DD8740AB29B7F78900A747D1 /* CategoriesView.swift in Sources */,
				DD9C7F8E29837A9F00E672B2 /* ProductCell.swift in Sources */,
				66AF6493298C260F00456759 /* ProductFilter.swift in Sources */,
				DDCFDCE429C8C97B00FFA36D /* ImagePicker.swift in Sources */,
				DD9C7F7929837A2000E672B2 /* Expired.xcdatamodeld in Sources */,
				DD9C7F8C29837A9F00E672B2 /* ProductEditView.swift in Sources */,
				DD9C7F8D29837A9F00E672B2 /* HomeView.swift in Sources */,
				DDFED09C2999D85A00DBBAA6 /* NotificationCategory.swift in Sources */,
				DD9C7F8829837A8400E672B2 /* ProductStatus.swift in Sources */,
				DD9C7F8629837A8400E672B2 /* ProductExtension.swift in Sources */,
				DDFED09A2999B75900DBBAA6 /* NotificationViewModel.swift in Sources */,
				DD9C7F6D29837A1F00E672B2 /* ExpiredApp.swift in Sources */,
				DD9C7F8529837A8400E672B2 /* Persistence.swift in Sources */,
				8E951EC9299AC1BC003D9F7C /* ProductsView.swift in Sources */,
				DD7A8D6929B842BC001DEE0F /* CategoryEditView.swift in Sources */,
				DD9C7F8729837A8400E672B2 /* ProductStore.swift in Sources */,
				8E951EC7299ABC7E003D9F7C /* ArchivedProductsView.swift in Sources */,
				DDF6DCF629CBDFFE00C65241 /* ProductImage.swift in Sources */,
				661713392991D4B200AF0A06 /* SettingView.swift in Sources */,
			);
			runOnlyForDeploymentPostprocessing = 0;
		};
/* End PBXSourcesBuildPhase section */

/* Begin XCBuildConfiguration section */
		DD9C7F7A29837A2000E672B2 /* Debug */ = {
			isa = XCBuildConfiguration;
			buildSettings = {
				ALWAYS_SEARCH_USER_PATHS = NO;
				CLANG_ANALYZER_NONNULL = YES;
				CLANG_ANALYZER_NUMBER_OBJECT_CONVERSION = YES_AGGRESSIVE;
				CLANG_CXX_LANGUAGE_STANDARD = "gnu++20";
				CLANG_ENABLE_MODULES = YES;
				CLANG_ENABLE_OBJC_ARC = YES;
				CLANG_ENABLE_OBJC_WEAK = YES;
				CLANG_WARN_BLOCK_CAPTURE_AUTORELEASING = YES;
				CLANG_WARN_BOOL_CONVERSION = YES;
				CLANG_WARN_COMMA = YES;
				CLANG_WARN_CONSTANT_CONVERSION = YES;
				CLANG_WARN_DEPRECATED_OBJC_IMPLEMENTATIONS = YES;
				CLANG_WARN_DIRECT_OBJC_ISA_USAGE = YES_ERROR;
				CLANG_WARN_DOCUMENTATION_COMMENTS = YES;
				CLANG_WARN_EMPTY_BODY = YES;
				CLANG_WARN_ENUM_CONVERSION = YES;
				CLANG_WARN_INFINITE_RECURSION = YES;
				CLANG_WARN_INT_CONVERSION = YES;
				CLANG_WARN_NON_LITERAL_NULL_CONVERSION = YES;
				CLANG_WARN_OBJC_IMPLICIT_RETAIN_SELF = YES;
				CLANG_WARN_OBJC_LITERAL_CONVERSION = YES;
				CLANG_WARN_OBJC_ROOT_CLASS = YES_ERROR;
				CLANG_WARN_QUOTED_INCLUDE_IN_FRAMEWORK_HEADER = YES;
				CLANG_WARN_RANGE_LOOP_ANALYSIS = YES;
				CLANG_WARN_STRICT_PROTOTYPES = YES;
				CLANG_WARN_SUSPICIOUS_MOVE = YES;
				CLANG_WARN_UNGUARDED_AVAILABILITY = YES_AGGRESSIVE;
				CLANG_WARN_UNREACHABLE_CODE = YES;
				CLANG_WARN__DUPLICATE_METHOD_MATCH = YES;
				COPY_PHASE_STRIP = NO;
				DEBUG_INFORMATION_FORMAT = dwarf;
				ENABLE_STRICT_OBJC_MSGSEND = YES;
				ENABLE_TESTABILITY = YES;
				GCC_C_LANGUAGE_STANDARD = gnu11;
				GCC_DYNAMIC_NO_PIC = NO;
				GCC_NO_COMMON_BLOCKS = YES;
				GCC_OPTIMIZATION_LEVEL = 0;
				GCC_PREPROCESSOR_DEFINITIONS = (
					"DEBUG=1",
					"$(inherited)",
				);
				GCC_WARN_64_TO_32_BIT_CONVERSION = YES;
				GCC_WARN_ABOUT_RETURN_TYPE = YES_ERROR;
				GCC_WARN_UNDECLARED_SELECTOR = YES;
				GCC_WARN_UNINITIALIZED_AUTOS = YES_AGGRESSIVE;
				GCC_WARN_UNUSED_FUNCTION = YES;
				GCC_WARN_UNUSED_VARIABLE = YES;
				IPHONEOS_DEPLOYMENT_TARGET = 15.0;
				MTL_ENABLE_DEBUG_INFO = INCLUDE_SOURCE;
				MTL_FAST_MATH = YES;
				ONLY_ACTIVE_ARCH = YES;
				SDKROOT = iphoneos;
				SWIFT_ACTIVE_COMPILATION_CONDITIONS = DEBUG;
				SWIFT_OPTIMIZATION_LEVEL = "-Onone";
			};
			name = Debug;
		};
		DD9C7F7B29837A2000E672B2 /* Release */ = {
			isa = XCBuildConfiguration;
			buildSettings = {
				ALWAYS_SEARCH_USER_PATHS = NO;
				CLANG_ANALYZER_NONNULL = YES;
				CLANG_ANALYZER_NUMBER_OBJECT_CONVERSION = YES_AGGRESSIVE;
				CLANG_CXX_LANGUAGE_STANDARD = "gnu++20";
				CLANG_ENABLE_MODULES = YES;
				CLANG_ENABLE_OBJC_ARC = YES;
				CLANG_ENABLE_OBJC_WEAK = YES;
				CLANG_WARN_BLOCK_CAPTURE_AUTORELEASING = YES;
				CLANG_WARN_BOOL_CONVERSION = YES;
				CLANG_WARN_COMMA = YES;
				CLANG_WARN_CONSTANT_CONVERSION = YES;
				CLANG_WARN_DEPRECATED_OBJC_IMPLEMENTATIONS = YES;
				CLANG_WARN_DIRECT_OBJC_ISA_USAGE = YES_ERROR;
				CLANG_WARN_DOCUMENTATION_COMMENTS = YES;
				CLANG_WARN_EMPTY_BODY = YES;
				CLANG_WARN_ENUM_CONVERSION = YES;
				CLANG_WARN_INFINITE_RECURSION = YES;
				CLANG_WARN_INT_CONVERSION = YES;
				CLANG_WARN_NON_LITERAL_NULL_CONVERSION = YES;
				CLANG_WARN_OBJC_IMPLICIT_RETAIN_SELF = YES;
				CLANG_WARN_OBJC_LITERAL_CONVERSION = YES;
				CLANG_WARN_OBJC_ROOT_CLASS = YES_ERROR;
				CLANG_WARN_QUOTED_INCLUDE_IN_FRAMEWORK_HEADER = YES;
				CLANG_WARN_RANGE_LOOP_ANALYSIS = YES;
				CLANG_WARN_STRICT_PROTOTYPES = YES;
				CLANG_WARN_SUSPICIOUS_MOVE = YES;
				CLANG_WARN_UNGUARDED_AVAILABILITY = YES_AGGRESSIVE;
				CLANG_WARN_UNREACHABLE_CODE = YES;
				CLANG_WARN__DUPLICATE_METHOD_MATCH = YES;
				COPY_PHASE_STRIP = NO;
				DEBUG_INFORMATION_FORMAT = "dwarf-with-dsym";
				ENABLE_NS_ASSERTIONS = NO;
				ENABLE_STRICT_OBJC_MSGSEND = YES;
				GCC_C_LANGUAGE_STANDARD = gnu11;
				GCC_NO_COMMON_BLOCKS = YES;
				GCC_WARN_64_TO_32_BIT_CONVERSION = YES;
				GCC_WARN_ABOUT_RETURN_TYPE = YES_ERROR;
				GCC_WARN_UNDECLARED_SELECTOR = YES;
				GCC_WARN_UNINITIALIZED_AUTOS = YES_AGGRESSIVE;
				GCC_WARN_UNUSED_FUNCTION = YES;
				GCC_WARN_UNUSED_VARIABLE = YES;
				IPHONEOS_DEPLOYMENT_TARGET = 15.0;
				MTL_ENABLE_DEBUG_INFO = NO;
				MTL_FAST_MATH = YES;
				SDKROOT = iphoneos;
				SWIFT_COMPILATION_MODE = wholemodule;
				SWIFT_OPTIMIZATION_LEVEL = "-O";
				VALIDATE_PRODUCT = YES;
			};
			name = Release;
		};
		DD9C7F7D29837A2000E672B2 /* Debug */ = {
			isa = XCBuildConfiguration;
			buildSettings = {
				ASSETCATALOG_COMPILER_APPICON_NAME = AppIcon;
				ASSETCATALOG_COMPILER_GLOBAL_ACCENT_COLOR_NAME = AccentColor;
				"CODE_SIGN_IDENTITY[sdk=iphoneos*]" = "iPhone Developer";
				CODE_SIGN_STYLE = Manual;
				CURRENT_PROJECT_VERSION = 1;
				DEVELOPMENT_ASSET_PATHS = "\"Expired/Preview Content\"";
				DEVELOPMENT_TEAM = "";
				"DEVELOPMENT_TEAM[sdk=iphoneos*]" = C9J7PU23JR;
				ENABLE_PREVIEWS = YES;
				GENERATE_INFOPLIST_FILE = YES;
				INFOPLIST_FILE = Expired/Info.plist;
				INFOPLIST_KEY_CFBundleDisplayName = "Expired?";
				INFOPLIST_KEY_LSApplicationCategoryType = "public.app-category.productivity";
				INFOPLIST_KEY_NSCameraUsageDescription = "Camera permission will be required to take photos";
				INFOPLIST_KEY_UIApplicationSceneManifest_Generation = YES;
				INFOPLIST_KEY_UIApplicationSupportsIndirectInputEvents = YES;
				INFOPLIST_KEY_UILaunchScreen_Generation = YES;
				INFOPLIST_KEY_UISupportedInterfaceOrientations = UIInterfaceOrientationPortrait;
				INFOPLIST_KEY_UISupportedInterfaceOrientations_iPad = "UIInterfaceOrientationLandscapeLeft UIInterfaceOrientationLandscapeRight UIInterfaceOrientationPortrait UIInterfaceOrientationPortraitUpsideDown";
				IPHONEOS_DEPLOYMENT_TARGET = 15.0;
				LD_RUNPATH_SEARCH_PATHS = (
					"$(inherited)",
					"@executable_path/Frameworks",
				);
				MARKETING_VERSION = 1.0;
				PRODUCT_BUNDLE_IDENTIFIER = "ca.fanshaweonline.info-6134-23-1.group-8";
				PRODUCT_NAME = "$(TARGET_NAME)";
				PROVISIONING_PROFILE_SPECIFIER = "";
				"PROVISIONING_PROFILE_SPECIFIER[sdk=iphoneos*]" = "Capstone Project Shared";
				SUPPORTED_PLATFORMS = "iphoneos iphonesimulator";
				SUPPORTS_MACCATALYST = NO;
				SUPPORTS_MAC_DESIGNED_FOR_IPHONE_IPAD = NO;
				SWIFT_EMIT_LOC_STRINGS = YES;
				SWIFT_VERSION = 5.0;
				TARGETED_DEVICE_FAMILY = "1,2";
			};
			name = Debug;
		};
		DD9C7F7E29837A2000E672B2 /* Release */ = {
			isa = XCBuildConfiguration;
			buildSettings = {
				ASSETCATALOG_COMPILER_APPICON_NAME = AppIcon;
				ASSETCATALOG_COMPILER_GLOBAL_ACCENT_COLOR_NAME = AccentColor;
				"CODE_SIGN_IDENTITY[sdk=iphoneos*]" = "iPhone Developer";
				CODE_SIGN_STYLE = Manual;
				CURRENT_PROJECT_VERSION = 1;
				DEVELOPMENT_ASSET_PATHS = "\"Expired/Preview Content\"";
				DEVELOPMENT_TEAM = "";
				"DEVELOPMENT_TEAM[sdk=iphoneos*]" = C9J7PU23JR;
				ENABLE_PREVIEWS = YES;
				GENERATE_INFOPLIST_FILE = YES;
				INFOPLIST_FILE = Expired/Info.plist;
				INFOPLIST_KEY_CFBundleDisplayName = "Expired?";
				INFOPLIST_KEY_LSApplicationCategoryType = "public.app-category.productivity";
				INFOPLIST_KEY_NSCameraUsageDescription = "Camera permission will be required to take photos";
				INFOPLIST_KEY_UIApplicationSceneManifest_Generation = YES;
				INFOPLIST_KEY_UIApplicationSupportsIndirectInputEvents = YES;
				INFOPLIST_KEY_UILaunchScreen_Generation = YES;
				INFOPLIST_KEY_UISupportedInterfaceOrientations = UIInterfaceOrientationPortrait;
				INFOPLIST_KEY_UISupportedInterfaceOrientations_iPad = "UIInterfaceOrientationLandscapeLeft UIInterfaceOrientationLandscapeRight UIInterfaceOrientationPortrait UIInterfaceOrientationPortraitUpsideDown";
				IPHONEOS_DEPLOYMENT_TARGET = 15.0;
				LD_RUNPATH_SEARCH_PATHS = (
					"$(inherited)",
					"@executable_path/Frameworks",
				);
				MARKETING_VERSION = 1.0;
				PRODUCT_BUNDLE_IDENTIFIER = "ca.fanshaweonline.info-6134-23-1.group-8";
				PRODUCT_NAME = "$(TARGET_NAME)";
				PROVISIONING_PROFILE_SPECIFIER = "";
				"PROVISIONING_PROFILE_SPECIFIER[sdk=iphoneos*]" = "Capstone Project Shared";
				SUPPORTED_PLATFORMS = "iphoneos iphonesimulator";
				SUPPORTS_MACCATALYST = NO;
				SUPPORTS_MAC_DESIGNED_FOR_IPHONE_IPAD = NO;
				SWIFT_EMIT_LOC_STRINGS = YES;
				SWIFT_VERSION = 5.0;
				TARGETED_DEVICE_FAMILY = "1,2";
			};
			name = Release;
		};
/* End XCBuildConfiguration section */

/* Begin XCConfigurationList section */
		DD9C7F6429837A1F00E672B2 /* Build configuration list for PBXProject "Expired" */ = {
			isa = XCConfigurationList;
			buildConfigurations = (
				DD9C7F7A29837A2000E672B2 /* Debug */,
				DD9C7F7B29837A2000E672B2 /* Release */,
			);
			defaultConfigurationIsVisible = 0;
			defaultConfigurationName = Release;
		};
		DD9C7F7C29837A2000E672B2 /* Build configuration list for PBXNativeTarget "Expired" */ = {
			isa = XCConfigurationList;
			buildConfigurations = (
				DD9C7F7D29837A2000E672B2 /* Debug */,
				DD9C7F7E29837A2000E672B2 /* Release */,
			);
			defaultConfigurationIsVisible = 0;
			defaultConfigurationName = Release;
		};
/* End XCConfigurationList section */

/* Begin XCVersionGroup section */
		DD9C7F7729837A2000E672B2 /* Expired.xcdatamodeld */ = {
			isa = XCVersionGroup;
			children = (
				DD9C7F7829837A2000E672B2 /* Expired.xcdatamodel */,
			);
			currentVersion = DD9C7F7829837A2000E672B2 /* Expired.xcdatamodel */;
			path = Expired.xcdatamodeld;
			sourceTree = "<group>";
			versionGroupType = wrapper.xcdatamodel;
		};
/* End XCVersionGroup section */
	};
	rootObject = DD9C7F6129837A1F00E672B2 /* Project object */;
}
